# This file is automatically @generated by Cargo.
# It is not intended for manual editing.
version = 3

[[package]]
name = "lazy_static"
version = "1.4.0"
source = "registry+https://github.com/rust-lang/crates.io-index"
checksum = "e2abad23fbc42b3700f2f279844dc832adb2b2eb069b2df918f455c4e18cc646"

[[package]]
name = "libc"
version = "0.2.135"
source = "registry+https://github.com/rust-lang/crates.io-index"
checksum = "68783febc7782c6c5cb401fbda4de5a9898be1762314da0bb2c10ced61f18b0c"

[[package]]
name = "rutie"
version = "0.8.4"
source = "registry+https://github.com/rust-lang/crates.io-index"
checksum = "5d97db4cbb9739b48364c38cc9a6ebabdc07b42bd87b60ab448e1f29eaebb2ac"
dependencies = [
 "lazy_static",
 "libc",
]

[[package]]
name = "tree_sitter_adapter"
version = "0.0.0"
dependencies = [
 "rutie",
]
